// !$*UTF8*$!
{
	archiveVersion = 1;
	classes = {
	};
	objectVersion = 46;
	objects = {

/* Begin PBXBuildFile section */
		D66E41E0194EF88F00BD629B /* Foundation.framework in Frameworks */ = {isa = PBXBuildFile; fileRef = D66E41DF194EF88F00BD629B /* Foundation.framework */; };
		D66E41E2194EF88F00BD629B /* CoreGraphics.framework in Frameworks */ = {isa = PBXBuildFile; fileRef = D66E41E1194EF88F00BD629B /* CoreGraphics.framework */; };
		D66E41E4194EF88F00BD629B /* UIKit.framework in Frameworks */ = {isa = PBXBuildFile; fileRef = D66E41E3194EF88F00BD629B /* UIKit.framework */; };
		D66E41EA194EF88F00BD629B /* InfoPlist.strings in Resources */ = {isa = PBXBuildFile; fileRef = D66E41E8194EF88F00BD629B /* InfoPlist.strings */; };
		D66E41EC194EF88F00BD629B /* main.m in Sources */ = {isa = PBXBuildFile; fileRef = D66E41EB194EF88F00BD629B /* main.m */; };
		D66E41F0194EF88F00BD629B /* AppDelegate.m in Sources */ = {isa = PBXBuildFile; fileRef = D66E41EF194EF88F00BD629B /* AppDelegate.m */; };
		D66E41F3194EF88F00BD629B /* Main.storyboard in Resources */ = {isa = PBXBuildFile; fileRef = D66E41F1194EF88F00BD629B /* Main.storyboard */; };
		D66E41F6194EF88F00BD629B /* ViewController.m in Sources */ = {isa = PBXBuildFile; fileRef = D66E41F5194EF88F00BD629B /* ViewController.m */; };
		D66E41F8194EF88F00BD629B /* Images.xcassets in Resources */ = {isa = PBXBuildFile; fileRef = D66E41F7194EF88F00BD629B /* Images.xcassets */; };
		D66E41FF194EF88F00BD629B /* XCTest.framework in Frameworks */ = {isa = PBXBuildFile; fileRef = D66E41FE194EF88F00BD629B /* XCTest.framework */; };
		D66E4200194EF88F00BD629B /* Foundation.framework in Frameworks */ = {isa = PBXBuildFile; fileRef = D66E41DF194EF88F00BD629B /* Foundation.framework */; };
		D66E4201194EF88F00BD629B /* UIKit.framework in Frameworks */ = {isa = PBXBuildFile; fileRef = D66E41E3194EF88F00BD629B /* UIKit.framework */; };
		D66E4209194EF88F00BD629B /* InfoPlist.strings in Resources */ = {isa = PBXBuildFile; fileRef = D66E4207194EF88F00BD629B /* InfoPlist.strings */; };
		D66E420B194EF88F00BD629B /* shareTwitterAndFacebookTests.m in Sources */ = {isa = PBXBuildFile; fileRef = D66E420A194EF88F00BD629B /* shareTwitterAndFacebookTests.m */; };
		D6703B5C194F029300F64136 /* Twitter.framework in Frameworks */ = {isa = PBXBuildFile; fileRef = D6703B5B194F029300F64136 /* Twitter.framework */; };
		D6703B5E194F03A000F64136 /* Social.framework in Frameworks */ = {isa = PBXBuildFile; fileRef = D6703B5D194F03A000F64136 /* Social.framework */; };
/* End PBXBuildFile section */

/* Begin PBXContainerItemProxy section */
		D66E4202194EF88F00BD629B /* PBXContainerItemProxy */ = {
			isa = PBXContainerItemProxy;
			containerPortal = D66E41D4194EF88F00BD629B /* Project object */;
			proxyType = 1;
			remoteGlobalIDString = D66E41DB194EF88F00BD629B;
			remoteInfo = shareTwitterAndFacebook;
		};
/* End PBXContainerItemProxy section */

/* Begin PBXFileReference section */
		D66E41DC194EF88F00BD629B /* shareTwitterAndFacebook.app */ = {isa = PBXFileReference; explicitFileType = wrapper.application; includeInIndex = 0; path = shareTwitterAndFacebook.app; sourceTree = BUILT_PRODUCTS_DIR; };
		D66E41DF194EF88F00BD629B /* Foundation.framework */ = {isa = PBXFileReference; lastKnownFileType = wrapper.framework; name = Foundation.framework; path = System/Library/Frameworks/Foundation.framework; sourceTree = SDKROOT; };
		D66E41E1194EF88F00BD629B /* CoreGraphics.framework */ = {isa = PBXFileReference; lastKnownFileType = wrapper.framework; name = CoreGraphics.framework; path = System/Library/Frameworks/CoreGraphics.framework; sourceTree = SDKROOT; };
		D66E41E3194EF88F00BD629B /* UIKit.framework */ = {isa = PBXFileReference; lastKnownFileType = wrapper.framework; name = UIKit.framework; path = System/Library/Frameworks/UIKit.framework; sourceTree = SDKROOT; };
		D66E41E7194EF88F00BD629B /* shareTwitterAndFacebook-Info.plist */ = {isa = PBXFileReference; lastKnownFileType = text.plist.xml; path = "shareTwitterAndFacebook-Info.plist"; sourceTree = "<group>"; };
		D66E41E9194EF88F00BD629B /* en */ = {isa = PBXFileReference; lastKnownFileType = text.plist.strings; name = en; path = en.lproj/InfoPlist.strings; sourceTree = "<group>"; };
		D66E41EB194EF88F00BD629B /* main.m */ = {isa = PBXFileReference; lastKnownFileType = sourcecode.c.objc; path = main.m; sourceTree = "<group>"; };
		D66E41ED194EF88F00BD629B /* shareTwitterAndFacebook-Prefix.pch */ = {isa = PBXFileReference; lastKnownFileType = sourcecode.c.h; path = "shareTwitterAndFacebook-Prefix.pch"; sourceTree = "<group>"; };
		D66E41EE194EF88F00BD629B /* AppDelegate.h */ = {isa = PBXFileReference; lastKnownFileType = sourcecode.c.h; path = AppDelegate.h; sourceTree = "<group>"; };
		D66E41EF194EF88F00BD629B /* AppDelegate.m */ = {isa = PBXFileReference; lastKnownFileType = sourcecode.c.objc; path = AppDelegate.m; sourceTree = "<group>"; };
		D66E41F2194EF88F00BD629B /* Base */ = {isa = PBXFileReference; lastKnownFileType = file.storyboard; name = Base; path = Base.lproj/Main.storyboard; sourceTree = "<group>"; };
		D66E41F4194EF88F00BD629B /* ViewController.h */ = {isa = PBXFileReference; lastKnownFileType = sourcecode.c.h; path = ViewController.h; sourceTree = "<group>"; };
		D66E41F5194EF88F00BD629B /* ViewController.m */ = {isa = PBXFileReference; lastKnownFileType = sourcecode.c.objc; path = ViewController.m; sourceTree = "<group>"; };
		D66E41F7194EF88F00BD629B /* Images.xcassets */ = {isa = PBXFileReference; lastKnownFileType = folder.assetcatalog; path = Images.xcassets; sourceTree = "<group>"; };
		D66E41FD194EF88F00BD629B /* shareTwitterAndFacebookTests.xctest */ = {isa = PBXFileReference; explicitFileType = wrapper.cfbundle; includeInIndex = 0; path = shareTwitterAndFacebookTests.xctest; sourceTree = BUILT_PRODUCTS_DIR; };
		D66E41FE194EF88F00BD629B /* XCTest.framework */ = {isa = PBXFileReference; lastKnownFileType = wrapper.framework; name = XCTest.framework; path = Library/Frameworks/XCTest.framework; sourceTree = DEVELOPER_DIR; };
		D66E4206194EF88F00BD629B /* shareTwitterAndFacebookTests-Info.plist */ = {isa = PBXFileReference; lastKnownFileType = text.plist.xml; path = "shareTwitterAndFacebookTests-Info.plist"; sourceTree = "<group>"; };
		D66E4208194EF88F00BD629B /* en */ = {isa = PBXFileReference; lastKnownFileType = text.plist.strings; name = en; path = en.lproj/InfoPlist.strings; sourceTree = "<group>"; };
		D66E420A194EF88F00BD629B /* shareTwitterAndFacebookTests.m */ = {isa = PBXFileReference; lastKnownFileType = sourcecode.c.objc; path = shareTwitterAndFacebookTests.m; sourceTree = "<group>"; };
		D6703B5B194F029300F64136 /* Twitter.framework */ = {isa = PBXFileReference; lastKnownFileType = wrapper.framework; name = Twitter.framework; path = System/Library/Frameworks/Twitter.framework; sourceTree = SDKROOT; };
		D6703B5D194F03A000F64136 /* Social.framework */ = {isa = PBXFileReference; lastKnownFileType = wrapper.framework; name = Social.framework; path = System/Library/Frameworks/Social.framework; sourceTree = SDKROOT; };
/* End PBXFileReference section */

/* Begin PBXFrameworksBuildPhase section */
		D66E41D9194EF88F00BD629B /* Frameworks */ = {
			isa = PBXFrameworksBuildPhase;
			buildActionMask = 2147483647;
			files = (
				D6703B5E194F03A000F64136 /* Social.framework in Frameworks */,
				D6703B5C194F029300F64136 /* Twitter.framework in Frameworks */,
				D66E41E2194EF88F00BD629B /* CoreGraphics.framework in Frameworks */,
				D66E41E4194EF88F00BD629B /* UIKit.framework in Frameworks */,
				D66E41E0194EF88F00BD629B /* Foundation.framework in Frameworks */,
			);
			runOnlyForDeploymentPostprocessing = 0;
		};
		D66E41FA194EF88F00BD629B /* Frameworks */ = {
			isa = PBXFrameworksBuildPhase;
			buildActionMask = 2147483647;
			files = (
				D66E41FF194EF88F00BD629B /* XCTest.framework in Frameworks */,
				D66E4201194EF88F00BD629B /* UIKit.framework in Frameworks */,
				D66E4200194EF88F00BD629B /* Foundation.framework in Frameworks */,
			);
			runOnlyForDeploymentPostprocessing = 0;
		};
/* End PBXFrameworksBuildPhase section */

/* Begin PBXGroup section */
		D66E41D3194EF88F00BD629B = {
			isa = PBXGroup;
			children = (
				D66E41E5194EF88F00BD629B /* shareTwitterAndFacebook */,
				D66E4204194EF88F00BD629B /* shareTwitterAndFacebookTests */,
				D66E41DE194EF88F00BD629B /* Frameworks */,
				D66E41DD194EF88F00BD629B /* Products */,
			);
			sourceTree = "<group>";
		};
		D66E41DD194EF88F00BD629B /* Products */ = {
			isa = PBXGroup;
			children = (
				D66E41DC194EF88F00BD629B /* shareTwitterAndFacebook.app */,
				D66E41FD194EF88F00BD629B /* shareTwitterAndFacebookTests.xctest */,
			);
			name = Products;
			sourceTree = "<group>";
		};
		D66E41DE194EF88F00BD629B /* Frameworks */ = {
			isa = PBXGroup;
			children = (
				D6703B5D194F03A000F64136 /* Social.framework */,
				D6703B5B194F029300F64136 /* Twitter.framework */,
				D66E41DF194EF88F00BD629B /* Foundation.framework */,
				D66E41E1194EF88F00BD629B /* CoreGraphics.framework */,
				D66E41E3194EF88F00BD629B /* UIKit.framework */,
				D66E41FE194EF88F00BD629B /* XCTest.framework */,
			);
			name = Frameworks;
			sourceTree = "<group>";
		};
		D66E41E5194EF88F00BD629B /* shareTwitterAndFacebook */ = {
			isa = PBXGroup;
			children = (
				D66E41EE194EF88F00BD629B /* AppDelegate.h */,
				D66E41EF194EF88F00BD629B /* AppDelegate.m */,
				D66E41F1194EF88F00BD629B /* Main.storyboard */,
				D66E41F4194EF88F00BD629B /* ViewController.h */,
				D66E41F5194EF88F00BD629B /* ViewController.m */,
				D66E41F7194EF88F00BD629B /* Images.xcassets */,
				D66E41E6194EF88F00BD629B /* Supporting Files */,
			);
			path = shareTwitterAndFacebook;
			sourceTree = "<group>";
		};
		D66E41E6194EF88F00BD629B /* Supporting Files */ = {
			isa = PBXGroup;
			children = (
				D66E41E7194EF88F00BD629B /* shareTwitterAndFacebook-Info.plist */,
				D66E41E8194EF88F00BD629B /* InfoPlist.strings */,
				D66E41EB194EF88F00BD629B /* main.m */,
				D66E41ED194EF88F00BD629B /* shareTwitterAndFacebook-Prefix.pch */,
			);
			name = "Supporting Files";
			sourceTree = "<group>";
		};
		D66E4204194EF88F00BD629B /* shareTwitterAndFacebookTests */ = {
			isa = PBXGroup;
			children = (
				D66E420A194EF88F00BD629B /* shareTwitterAndFacebookTests.m */,
				D66E4205194EF88F00BD629B /* Supporting Files */,
			);
			path = shareTwitterAndFacebookTests;
			sourceTree = "<group>";
		};
		D66E4205194EF88F00BD629B /* Supporting Files */ = {
			isa = PBXGroup;
			children = (
				D66E4206194EF88F00BD629B /* shareTwitterAndFacebookTests-Info.plist */,
				D66E4207194EF88F00BD629B /* InfoPlist.strings */,
			);
			name = "Supporting Files";
			sourceTree = "<group>";
		};
/* End PBXGroup section */

/* Begin PBXNativeTarget section */
		D66E41DB194EF88F00BD629B /* shareTwitterAndFacebook */ = {
			isa = PBXNativeTarget;
			buildConfigurationList = D66E420E194EF88F00BD629B /* Build configuration list for PBXNativeTarget "shareTwitterAndFacebook" */;
			buildPhases = (
				D66E41D8194EF88F00BD629B /* Sources */,
				D66E41D9194EF88F00BD629B /* Frameworks */,
				D66E41DA194EF88F00BD629B /* Resources */,
			);
			buildRules = (
			);
			dependencies = (
			);
			name = shareTwitterAndFacebook;
			productName = shareTwitterAndFacebook;
			productReference = D66E41DC194EF88F00BD629B /* shareTwitterAndFacebook.app */;
			productType = "com.apple.product-type.application";
		};
		D66E41FC194EF88F00BD629B /* shareTwitterAndFacebookTests */ = {
			isa = PBXNativeTarget;
			buildConfigurationList = D66E4211194EF88F00BD629B /* Build configuration list for PBXNativeTarget "shareTwitterAndFacebookTests" */;
			buildPhases = (
				D66E41F9194EF88F00BD629B /* Sources */,
				D66E41FA194EF88F00BD629B /* Frameworks */,
				D66E41FB194EF88F00BD629B /* Resources */,
			);
			buildRules = (
			);
			dependencies = (
				D66E4203194EF88F00BD629B /* PBXTargetDependency */,
			);
			name = shareTwitterAndFacebookTests;
			productName = shareTwitterAndFacebookTests;
			productReference = D66E41FD194EF88F00BD629B /* shareTwitterAndFacebookTests.xctest */;
			productType = "com.apple.product-type.bundle.unit-test";
		};
/* End PBXNativeTarget section */

/* Begin PBXProject section */
		D66E41D4194EF88F00BD629B /* Project object */ = {
			isa = PBXProject;
			attributes = {
				LastUpgradeCheck = 0510;
				ORGANIZATIONNAME = mikke;
				TargetAttributes = {
					D66E41FC194EF88F00BD629B = {
						TestTargetID = D66E41DB194EF88F00BD629B;
					};
				};
			};
			buildConfigurationList = D66E41D7194EF88F00BD629B /* Build configuration list for PBXProject "shareTwitterAndFacebook" */;
			compatibilityVersion = "Xcode 3.2";
			developmentRegion = English;
			hasScannedForEncodings = 0;
			knownRegions = (
				en,
				Base,
			);
			mainGroup = D66E41D3194EF88F00BD629B;
			productRefGroup = D66E41DD194EF88F00BD629B /* Products */;
			projectDirPath = "";
			projectRoot = "";
			targets = (
				D66E41DB194EF88F00BD629B /* shareTwitterAndFacebook */,
				D66E41FC194EF88F00BD629B /* shareTwitterAndFacebookTests */,
			);
		};
/* End PBXProject section */

/* Begin PBXResourcesBuildPhase section */
		D66E41DA194EF88F00BD629B /* Resources */ = {
			isa = PBXResourcesBuildPhase;
			buildActionMask = 2147483647;
			files = (
				D66E41F8194EF88F00BD629B /* Images.xcassets in Resources */,
				D66E41EA194EF88F00BD629B /* InfoPlist.strings in Resources */,
				D66E41F3194EF88F00BD629B /* Main.storyboard in Resources */,
			);
			runOnlyForDeploymentPostprocessing = 0;
		};
		D66E41FB194EF88F00BD629B /* Resources */ = {
			isa = PBXResourcesBuildPhase;
			buildActionMask = 2147483647;
			files = (
				D66E4209194EF88F00BD629B /* InfoPlist.strings in Resources */,
			);
			runOnlyForDeploymentPostprocessing = 0;
		};
/* End PBXResourcesBuildPhase section */

/* Begin PBXSourcesBuildPhase section */
		D66E41D8194EF88F00BD629B /* Sources */ = {
			isa = PBXSourcesBuildPhase;
			buildActionMask = 2147483647;
			files = (
				D66E41F6194EF88F00BD629B /* ViewController.m in Sources */,
				D66E41F0194EF88F00BD629B /* AppDelegate.m in Sources */,
				D66E41EC194EF88F00BD629B /* main.m in Sources */,
			);
			runOnlyForDeploymentPostprocessing = 0;
		};
		D66E41F9194EF88F00BD629B /* Sources */ = {
			isa = PBXSourcesBuildPhase;
			buildActionMask = 2147483647;
			files = (
				D66E420B194EF88F00BD629B /* shareTwitterAndFacebookTests.m in Sources */,
			);
			runOnlyForDeploymentPostprocessing = 0;
		};
/* End PBXSourcesBuildPhase section */

/* Begin PBXTargetDependency section */
		D66E4203194EF88F00BD629B /* PBXTargetDependency */ = {
			isa = PBXTargetDependency;
			target = D66E41DB194EF88F00BD629B /* shareTwitterAndFacebook */;
			targetProxy = D66E4202194EF88F00BD629B /* PBXContainerItemProxy */;
		};
/* End PBXTargetDependency section */

/* Begin PBXVariantGroup section */
		D66E41E8194EF88F00BD629B /* InfoPlist.strings */ = {
			isa = PBXVariantGroup;
			children = (
				D66E41E9194EF88F00BD629B /* en */,
			);
			name = InfoPlist.strings;
			sourceTree = "<group>";
		};
		D66E41F1194EF88F00BD629B /* Main.storyboard */ = {
			isa = PBXVariantGroup;
			children = (
				D66E41F2194EF88F00BD629B /* Base */,
			);
			name = Main.storyboard;
			sourceTree = "<group>";
		};
		D66E4207194EF88F00BD629B /* InfoPlist.strings */ = {
			isa = PBXVariantGroup;
			children = (
				D66E4208194EF88F00BD629B /* en */,
			);
			name = InfoPlist.strings;
			sourceTree = "<group>";
		};
/* End PBXVariantGroup section */

/* Begin XCBuildConfiguration section */
		D66E420C194EF88F00BD629B /* Debug */ = {
			isa = XCBuildConfiguration;
			buildSettings = {
				ALWAYS_SEARCH_USER_PATHS = NO;
				CLANG_CXX_LANGUAGE_STANDARD = "gnu++0x";
				CLANG_CXX_LIBRARY = "libc++";
				CLANG_ENABLE_MODULES = YES;
				CLANG_ENABLE_OBJC_ARC = YES;
				CLANG_WARN_BOOL_CONVERSION = YES;
				CLANG_WARN_CONSTANT_CONVERSION = YES;
				CLANG_WARN_DIRECT_OBJC_ISA_USAGE = YES_ERROR;
				CLANG_WARN_EMPTY_BODY = YES;
				CLANG_WARN_ENUM_CONVERSION = YES;
				CLANG_WARN_INT_CONVERSION = YES;
				CLANG_WARN_OBJC_ROOT_CLASS = YES_ERROR;
				CLANG_WARN__DUPLICATE_METHOD_MATCH = YES;
				"CODE_SIGN_IDENTITY[sdk=iphoneos*]" = "iPhone Developer";
				COPY_PHASE_STRIP = NO;
				GCC_C_LANGUAGE_STANDARD = gnu99;
				GCC_DYNAMIC_NO_PIC = NO;
				GCC_OPTIMIZATION_LEVEL = 0;
				GCC_PREPROCESSOR_DEFINITIONS = (
					"DEBUG=1",
					"$(inherited)",
				);
				GCC_SYMBOLS_PRIVATE_EXTERN = NO;
				GCC_WARN_64_TO_32_BIT_CONVERSION = YES;
				GCC_WARN_ABOUT_RETURN_TYPE = YES_ERROR;
				GCC_WARN_UNDECLARED_SELECTOR = YES;
				GCC_WARN_UNINITIALIZED_AUTOS = YES_AGGRESSIVE;
				GCC_WARN_UNUSED_FUNCTION = YES;
				GCC_WARN_UNUSED_VARIABLE = YES;
				IPHONEOS_DEPLOYMENT_TARGET = 7.1;
				ONLY_ACTIVE_ARCH = YES;
				SDKROOT = iphoneos;
			};
			name = Debug;
		};
		D66E420D194EF88F00BD629B /* Release */ = {
			isa = XCBuildConfiguration;
			buildSettings = {
				ALWAYS_SEARCH_USER_PATHS = NO;
				CLANG_CXX_LANGUAGE_STANDARD = "gnu++0x";
				CLANG_CXX_LIBRARY = "libc++";
				CLANG_ENABLE_MODULES = YES;
				CLANG_ENABLE_OBJC_ARC = YES;
				CLANG_WARN_BOOL_CONVERSION = YES;
				CLANG_WARN_CONSTANT_CONVERSION = YES;
				CLANG_WARN_DIRECT_OBJC_ISA_USAGE = YES_ERROR;
				CLANG_WARN_EMPTY_BODY = YES;
				CLANG_WARN_ENUM_CONVERSION = YES;
				CLANG_WARN_INT_CONVERSION = YES;
				CLANG_WARN_OBJC_ROOT_CLASS = YES_ERROR;
				CLANG_WARN__DUPLICATE_METHOD_MATCH = YES;
				"CODE_SIGN_IDENTITY[sdk=iphoneos*]" = "iPhone Developer";
				COPY_PHASE_STRIP = YES;
				ENABLE_NS_ASSERTIONS = NO;
				GCC_C_LANGUAGE_STANDARD = gnu99;
				GCC_WARN_64_TO_32_BIT_CONVERSION = YES;
				GCC_WARN_ABOUT_RETURN_TYPE = YES_ERROR;
				GCC_WARN_UNDECLARED_SELECTOR = YES;
				GCC_WARN_UNINITIALIZED_AUTOS = YES_AGGRESSIVE;
				GCC_WARN_UNUSED_FUNCTION = YES;
				GCC_WARN_UNUSED_VARIABLE = YES;
				IPHONEOS_DEPLOYMENT_TARGET = 7.1;
				SDKROOT = iphoneos;
				VALIDATE_PRODUCT = YES;
			};
			name = Release;
		};
		D66E420F194EF88F00BD629B /* Debug */ = {
			isa = XCBuildConfiguration;
			buildSettings = {
				ASSETCATALOG_COMPILER_APPICON_NAME = AppIcon;
				ASSETCATALOG_COMPILER_LAUNCHIMAGE_NAME = LaunchImage;
				GCC_PRECOMPILE_PREFIX_HEADER = YES;
				GCC_PREFIX_HEADER = "shareTwitterAndFacebook/shareTwitterAndFacebook-Prefix.pch";
				INFOPLIST_FILE = "shareTwitterAndFacebook/shareTwitterAndFacebook-Info.plist";
				PRODUCT_NAME = "$(TARGET_NAME)";
				WRAPPER_EXTENSION = app;
			};
			name = Debug;
		};
		D66E4210194EF88F00BD629B /* Release */ = {
			isa = XCBuildConfiguration;
			buildSettings = {
				ASSETCATALOG_COMPILER_APPICON_NAME = AppIcon;
				ASSETCATALOG_COMPILER_LAUNCHIMAGE_NAME = LaunchImage;
				GCC_PRECOMPILE_PREFIX_HEADER = YES;
				GCC_PREFIX_HEADER = "shareTwitterAndFacebook/shareTwitterAndFacebook-Prefix.pch";
				INFOPLIST_FILE = "shareTwitterAndFacebook/shareTwitterAndFacebook-Info.plist";
				PRODUCT_NAME = "$(TARGET_NAME)";
				WRAPPER_EXTENSION = app;
			};
			name = Release;
		};
		D66E4212194EF88F00BD629B /* Debug */ = {
			isa = XCBuildConfiguration;
			buildSettings = {
				BUNDLE_LOADER = "$(BUILT_PRODUCTS_DIR)/shareTwitterAndFacebook.app/shareTwitterAndFacebook";
				FRAMEWORK_SEARCH_PATHS = (
					"$(SDKROOT)/Developer/Library/Frameworks",
					"$(inherited)",
					"$(DEVELOPER_FRAMEWORKS_DIR)",
				);
				GCC_PRECOMPILE_PREFIX_HEADER = YES;
				GCC_PREFIX_HEADER = "shareTwitterAndFacebook/shareTwitterAndFacebook-Prefix.pch";
				GCC_PREPROCESSOR_DEFINITIONS = (
					"DEBUG=1",
					"$(inherited)",
				);
				INFOPLIST_FILE = "shareTwitterAndFacebookTests/shareTwitterAndFacebookTests-Info.plist";
				PRODUCT_NAME = "$(TARGET_NAME)";
				TEST_HOST = "$(BUNDLE_LOADER)";
				WRAPPER_EXTENSION = xctest;
			};
			name = Debug;
		};
		D66E4213194EF88F00BD629B /* Release */ = {
			isa = XCBuildConfiguration;
			buildSettings = {
				BUNDLE_LOADER = "$(BUILT_PRODUCTS_DIR)/shareTwitterAndFacebook.app/shareTwitterAndFacebook";
				FRAMEWORK_SEARCH_PATHS = (
					"$(SDKROOT)/Developer/Library/Frameworks",
					"$(inherited)",
					"$(DEVELOPER_FRAMEWORKS_DIR)",
				);
				GCC_PRECOMPILE_PREFIX_HEADER = YES;
				GCC_PREFIX_HEADER = "shareTwitterAndFacebook/shareTwitterAndFacebook-Prefix.pch";
				INFOPLIST_FILE = "shareTwitterAndFacebookTests/shareTwitterAndFacebookTests-Info.plist";
				PRODUCT_NAME = "$(TARGET_NAME)";
				TEST_HOST = "$(BUNDLE_LOADER)";
				WRAPPER_EXTENSION = xctest;
			};
			name = Release;
		};
/* End XCBuildConfiguration section */

/* Begin XCConfigurationList section */
		D66E41D7194EF88F00BD629B /* Build configuration list for PBXProject "shareTwitterAndFacebook" */ = {
			isa = XCConfigurationList;
			buildConfigurations = (
				D66E420C194EF88F00BD629B /* Debug */,
				D66E420D194EF88F00BD629B /* Release */,
			);
			defaultConfigurationIsVisible = 0;
			defaultConfigurationName = Release;
		};
		D66E420E194EF88F00BD629B /* Build configuration list for PBXNativeTarget "shareTwitterAndFacebook" */ = {
			isa = XCConfigurationList;
			buildConfigurations = (
				D66E420F194EF88F00BD629B /* Debug */,
				D66E4210194EF88F00BD629B /* Release */,
			);
			defaultConfigurationIsVisible = 0;
			defaultConfigurationName = Release;
		};
		D66E4211194EF88F00BD629B /* Build configuration list for PBXNativeTarget "shareTwitterAndFacebookTests" */ = {
			isa = XCConfigurationList;
			buildConfigurations = (
				D66E4212194EF88F00BD629B /* Debug */,
				D66E4213194EF88F00BD629B /* Release */,
			);
			defaultConfigurationIsVisible = 0;
			defaultConfigurationName = Release;
		};
/* End XCConfigurationList section */
	};
	rootObject = D66E41D4194EF88F00BD629B /* Project object */;
}
